{
  "name": "webmodric",
  "version": "1.0.0",
  "lockfileVersion": 3,
  "requires": true,
  "packages": {
    "": {
      "name": "webmodric",
      "version": "1.0.0",
      "license": "ISC",
      "dependencies": {
        "timelinejs": "^2.35.6",
        "timelinejs-slider": "^0.1.0"
      }
    },
    "node_modules/timelinejs": {
      "version": "2.35.6",
      "resolved": "https://registry.npmjs.org/timelinejs/-/timelinejs-2.35.6.tgz",
      "integrity": "sha512-UMUaIwv3lPm8fCRnS2+A/dkQtcWwbVx075Ga71Ud6AkPiDb5saHffB+hLTUM/Gudq5TGUjoPS1PK/UsJuxHQnQ==",
      "license": "MPL v2.0"
    },
    "node_modules/timelinejs-slider": {
      "version": "0.1.0",
      "resolved": "https://registry.npmjs.org/timelinejs-slider/-/timelinejs-slider-0.1.0.tgz",
      "integrity": "sha512-Nh7bnBe+S8iIhrDA42xqU8ZMlQkx/ZfSBs2q/vq4LuGQK5W1GV1fhKbyG7CAsAf3zOsQiQ+gcXPEOPwWG2EnQw==",
      "license": "MIT"
    }
  }
}
